
Microsoft Visual Studio Solution File, Format Version 12.00
# Visual Studio 15
VisualStudioVersion = 15.0.28307.489
MinimumVisualStudioVersion = 10.0.40219.1
Project("{FAE04EC0-301F-11D3-BF4B-00C04F79EFBC}") = "AcmeAPI", "AcmeAPI\AcmeAPI.csproj", "{5691DC1D-3D27-4CD7-80B3-EF7AC9324801}"
EndProject
Project("{FAE04EC0-301F-11D3-BF4B-00C04F79EFBC}") = "AcmeAPI.Tests", "AcmeAPI.Tests\AcmeAPI.Tests.csproj", "{2DB8979D-ED61-48B1-B642-84C61E4F9A76}"
EndProject
Global
	GlobalSection(SolutionConfigurationPlatforms) = preSolution
		Debug|Any CPU = Debug|Any CPU
		Release|Any CPU = Release|Any CPU
	EndGlobalSection
	GlobalSection(ProjectConfigurationPlatforms) = postSolution
		{5691DC1D-3D27-4CD7-80B3-EF7AC9324801}.Debug|Any CPU.ActiveCfg = Debug|Any CPU
		{5691DC1D-3D27-4CD7-80B3-EF7AC9324801}.Debug|Any CPU.Build.0 = Debug|Any CPU
		{5691DC1D-3D27-4CD7-80B3-EF7AC9324801}.Release|Any CPU.ActiveCfg = Release|Any CPU
		{5691DC1D-3D27-4CD7-80B3-EF7AC9324801}.Release|Any CPU.Build.0 = Release|Any CPU
		{2DB8979D-ED61-48B1-B642-84C61E4F9A76}.Debug|Any CPU.ActiveCfg = Debug|Any CPU
		{2DB8979D-ED61-48B1-B642-84C61E4F9A76}.Debug|Any CPU.Build.0 = Debug|Any CPU
		{2DB8979D-ED61-48B1-B642-84C61E4F9A76}.Release|Any CPU.ActiveCfg = Release|Any CPU
		{2DB8979D-ED61-48B1-B642-84C61E4F9A76}.Release|Any CPU.Build.0 = Release|Any CPU
	EndGlobalSection
	GlobalSection(SolutionProperties) = preSolution
		HideSolutionNode = FALSE
	EndGlobalSection
	GlobalSection(ExtensibilityGlobals) = postSolution
		SolutionGuid = {65BD5F9F-71ED-48D5-A329-476F9E1DA3EC}
	EndGlobalSection
EndGlobal
